
Microsoft Visual Studio Solution File, Format Version 12.00
# Visual Studio Version 17
VisualStudioVersion = 17.2.32602.215
MinimumVisualStudioVersion = 10.0.40219.1
Project("{FAE04EC0-301F-11D3-BF4B-00C04F79EFBC}") = "WebApplication", "WebApplication\WebApplication.csproj", "{7864CABD-303A-4BC6-B57F-C551985E7965}"
EndProject
Global
	GlobalSection(SolutionConfigurationPlatforms) = preSolution
		Debug|Any CPU = Debug|Any CPU
		Release|Any CPU = Release|Any CPU
	EndGlobalSection
	GlobalSection(ProjectConfigurationPlatforms) = postSolution
		{7864CABD-303A-4BC6-B57F-C551985E7965}.Debug|Any CPU.ActiveCfg = Debug|Any CPU
		{7864CABD-303A-4BC6-B57F-C551985E7965}.Debug|Any CPU.Build.0 = Debug|Any CPU
		{7864CABD-303A-4BC6-B57F-C551985E7965}.Release|Any CPU.ActiveCfg = Release|Any CPU
		{7864CABD-303A-4BC6-B57F-C551985E7965}.Release|Any CPU.Build.0 = Release|Any CPU
	EndGlobalSection
	GlobalSection(SolutionProperties) = preSolution
		HideSolutionNode = FALSE
	EndGlobalSection
	GlobalSection(ExtensibilityGlobals) = postSolution
		SolutionGuid = {A76C1E96-6730-49E1-AEB2-C63932A23683}
	EndGlobalSection
EndGlobal
